
Microsoft Visual Studio Solution File, Format Version 12.00
# Visual Studio Version 17
VisualStudioVersion = 17.4.33213.308
MinimumVisualStudioVersion = 10.0.40219.1
Project("{FAE04EC0-301F-11D3-BF4B-00C04F79EFBC}") = "HistoriaClinica", "HistoriaClinica\HistoriaClinica.csproj", "{2F387D14-4555-4FB0-9310-B2E4F93AAF02}"
EndProject
Project("{2150E333-8FDC-42A3-9474-1A3956D46DE8}") = "Solution Items", "Solution Items", "{CF5242ED-C894-42B8-8293-DF501EAD0AE6}"
	ProjectSection(SolutionItems) = preProject
		.editorconfig = .editorconfig
	EndProjectSection
EndProject
Global
	GlobalSection(SolutionConfigurationPlatforms) = preSolution
		Debug|Any CPU = Debug|Any CPU
		Release|Any CPU = Release|Any CPU
	EndGlobalSection
	GlobalSection(ProjectConfigurationPlatforms) = postSolution
		{2F387D14-4555-4FB0-9310-B2E4F93AAF02}.Debug|Any CPU.ActiveCfg = Debug|Any CPU
		{2F387D14-4555-4FB0-9310-B2E4F93AAF02}.Debug|Any CPU.Build.0 = Debug|Any CPU
		{2F387D14-4555-4FB0-9310-B2E4F93AAF02}.Release|Any CPU.ActiveCfg = Release|Any CPU
		{2F387D14-4555-4FB0-9310-B2E4F93AAF02}.Release|Any CPU.Build.0 = Release|Any CPU
	EndGlobalSection
	GlobalSection(SolutionProperties) = preSolution
		HideSolutionNode = FALSE
	EndGlobalSection
	GlobalSection(ExtensibilityGlobals) = postSolution
		SolutionGuid = {6950F88F-7632-44FE-8FB0-4FDCDF8EABCF}
	EndGlobalSection
EndGlobal
